
Microsoft Visual Studio Solution File, Format Version 12.00
# Visual Studio Version 17
VisualStudioVersion = 17.4.33110.190
MinimumVisualStudioVersion = 10.0.40219.1
Project("{FAE04EC0-301F-11D3-BF4B-00C04F79EFBC}") = "ImageServer", "ImageServer\ImageServer.csproj", "{6723AE4D-6AF9-48D6-AAFC-0B9C88E980EB}"
EndProject
Global
	GlobalSection(SolutionConfigurationPlatforms) = preSolution
		Debug|Any CPU = Debug|Any CPU
		Release|Any CPU = Release|Any CPU
	EndGlobalSection
	GlobalSection(ProjectConfigurationPlatforms) = postSolution
		{6723AE4D-6AF9-48D6-AAFC-0B9C88E980EB}.Debug|Any CPU.ActiveCfg = Debug|Any CPU
		{6723AE4D-6AF9-48D6-AAFC-0B9C88E980EB}.Debug|Any CPU.Build.0 = Debug|Any CPU
		{6723AE4D-6AF9-48D6-AAFC-0B9C88E980EB}.Release|Any CPU.ActiveCfg = Release|Any CPU
		{6723AE4D-6AF9-48D6-AAFC-0B9C88E980EB}.Release|Any CPU.Build.0 = Release|Any CPU
	EndGlobalSection
	GlobalSection(SolutionProperties) = preSolution
		HideSolutionNode = FALSE
	EndGlobalSection
	GlobalSection(ExtensibilityGlobals) = postSolution
		SolutionGuid = {86A2979F-67DA-456C-A7C3-471FA2D21CA5}
	EndGlobalSection
EndGlobal
